{
    "name": "project250825-no-repite-c-ini-email-en-nuevos-ingresos",
    "version": "25.12.0",
    "lockfileVersion": 3,
    "requires": true,
    "packages": {
        "": {
            "name": "project250825-no-repite-c-ini-email-en-nuevos-ingresos",
            "version": "25.12.0",
            "license": "SEE LICENSE IN LICENSE.md",
            "engines": {
                "node": ">=18"
            }
        }
    }
}
